{
  "generated": "2026-07-06T00:28:01Z",
  "r_version": "4.6.0",
  "base_image_digest": "sha256:0b50fdee9288723b5a6802502341f0429ab05edb9db04d57958f49e18d3ea883",
  "ppm_snapshot": "2026-07-05",
  "tools": {
    "zzrenvcheck": {
      "source": "github",
      "ref": "rgt47/zzrenvcheck@v0.3.1",
      "tag": "v0.3.1"
    }
  }
}
